{"format_version":"1.1","terraform_version":"1.3.7","planned_values":{"root_module":{"child_modules":[{"resources":[{"address":"module.europe-west1-c.google_compute_backend_service.this","mode":"managed","type":"google_compute_backend_service","name":"this","provider_name":"registry.terraform.io/hashicorp/google","schema_version":1,"values":{"affinity_cookie_ttl_sec":null,"backend":[{"balancing_mode":"RATE","capacity_scaler":1,"description":"","max_connections":null,"max_connections_per_endpoint":null,"max_connections_per_instance":null,"max_rate":null,"max_rate_per_endpoint":null,"max_rate_per_instance":500,"max_utilization":0.8}],"circuit_breakers":[],"connection_draining_timeout_sec":300,"consistent_hash":[],"custom_request_headers":null,"description":null,"enable_cdn":null,"iap":[],"load_balancing_scheme":"EXTERNAL","locality_lb_policy":null,"name":"nginx-app-vm","outlier_detection":[],"port_name":"http","protocol":"HTTP","security_policy":null,"timeout_sec":10,"timeouts":null},"sensitive_values":{"backend":[{}],"cdn_policy":[],"circuit_breakers":[],"consistent_hash":[],"health_checks":[],"iap":[],"log_config":[],"outlier_detection":[]}},{"address":"module.europe-west1-c.google_compute_firewall.this","mode":"managed","type":"google_compute_firewall","name":"this","provider_name":"registry.terraform.io/hashicorp/google","schema_version":1,"values":{"allow":[{"ports":["80"],"protocol":"tcp"}],"deny":[],"description":null,"disabled":null,"log_config":[],"name":"nginx-app-vm-allow-healthcheck","network":"emom-mlt-base-network","priority":1000,"source_ranges":["130.211.0.0/22","35.191.0.0/16"],"source_service_accounts":null,"source_tags":null,"target_service_accounts":null,"target_tags":["nginx","nginx-app"],"timeouts":null},"sensitive_values":{"allow":[{"ports":[false]}],"deny":[],"destination_ranges":[],"log_config":[],"source_ranges":[false,false],"target_tags":[false,false]}},{"address":"module.europe-west1-c.google_compute_global_address.this","mode":"managed","type":"google_compute_global_address","name":"this","provider_name":"registry.terraform.io/hashicorp/google","schema_version":0,"values":{"address_type":null,"description":null,"ip_version":null,"name":"nginx-app-vm-ipv4","network":null,"prefix_length":null,"purpose":null,"timeouts":null},"sensitive_values":{}},{"address":"module.europe-west1-c.google_compute_global_forwarding_rule.http-forward-rule","mode":"managed","type":"google_compute_global_forwarding_rule","name":"http-forward-rule","provider_name":"registry.terraform.io/hashicorp/google","schema_version":0,"values":{"description":null,"ip_version":null,"load_balancing_scheme":"EXTERNAL","metadata_filters":[],"name":"nginx-app-vm-http","port_range":"80","timeouts":null},"sensitive_values":{"metadata_filters":[]}},{"address":"module.europe-west1-c.google_compute_health_check.autohealing","mode":"managed","type":"google_compute_health_check","name":"autohealing","provider_name":"registry.terraform.io/hashicorp/google","schema_version":0,"values":{"check_interval_sec":5,"description":null,"grpc_health_check":[],"healthy_threshold":2,"http2_health_check":[],"http_health_check":[{"host":null,"port":80,"port_name":null,"port_specification":null,"proxy_header":"NONE","request_path":"/","response":null}],"https_health_check":[],"name":"nginx-app-vm-autohealing","ssl_health_check":[],"tcp_health_check":[],"timeout_sec":5,"timeouts":null,"unhealthy_threshold":10},"sensitive_values":{"grpc_health_check":[],"http2_health_check":[],"http_health_check":[{}],"https_health_check":[],"ssl_health_check":[],"tcp_health_check":[]}},{"address":"module.europe-west1-c.google_compute_http_health_check.this","mode":"managed","type":"google_compute_http_health_check","name":"this","provider_name":"registry.terraform.io/hashicorp/google","schema_version":0,"values":{"check_interval_sec":1,"description":null,"healthy_threshold":2,"host":null,"name":"nginx-app-vm-healthcheck","port":80,"request_path":"/","timeout_sec":1,"timeouts":null,"unhealthy_threshold":2},"sensitive_values":{}},{"address":"module.europe-west1-c.google_compute_instance_group_manager.this","mode":"managed","type":"google_compute_instance_group_manager","name":"this","provider_name":"registry.terraform.io/hashicorp/google-beta","schema_version":0,"values":{"auto_healing_policies":[{"initial_delay_sec":60}],"base_instance_name":"nginx-app-vm","description":null,"name":"nginx-app-vm","named_port":[{"name":"web","port":80}],"stateful_disk":[],"target_pools":null,"target_size":1,"timeouts":null,"update_policy":[{"max_surge_percent":100,"max_unavailable_fixed":0,"max_unavailable_percent":null,"min_ready_sec":0,"minimal_action":"REPLACE","replacement_method":null,"type":"PROACTIVE"}],"version":[{"name":"nginx-app","target_size":[]}],"wait_for_instances":false,"zone":"europe-west1-c"},"sensitive_values":{"auto_healing_policies":[{}],"named_port":[{}],"stateful_disk":[],"update_policy":[{}],"version":[{"target_size":[]}]}},{"address":"module.europe-west1-c.google_compute_instance_template.instance_template","mode":"managed","type":"google_compute_instance_template","name":"instance_template","provider_name":"registry.terraform.io/hashicorp/google","schema_version":1,"values":{"can_ip_forward":false,"description":"This template is used to create nginx-app server instances","disk":[{"auto_delete":true,"boot":true,"disk_encryption_key":[],"disk_name":null,"disk_type":"pd-balanced","labels":null,"resource_policies":null,"source":null,"source_image":"debian-cloud/debian-10"}],"enable_display":null,"guest_accelerator":[],"instance_description":"nginx-app server template","labels":{"service":"nginx-app-vm"},"machine_type":"e2-medium","metadata":{"block-project-ssh-keys":"true"},"metadata_startup_script":"#!/bin/bash\n\nsudo apt-get update \u0026\u0026 sudo apt-get autoclean\n\nsudo apt update \u0026\u0026 apt install nginx\n\ncat \u003c\u003cEOF \u003e /var/www/html/index.html\n\u003chtml\u003e\n\u003cbody\u003e\n\u003ch1\u003eHello from $(curl  -H \"Metadata-Flavor: Google\" \"http://metadata.google.internal/computeMetadata/v1/instance/name\")\u003c/h1\u003e\n\u003c/body\u003e\n\u003c/html\u003e\n","min_cpu_platform":null,"name":"nginx-app-vm","network_interface":[{"access_config":[],"alias_ip_range":[],"network":"emom-mlt-base-network","network_ip":null,"nic_type":null,"subnetwork":"dev-cmp-rdg-subnet"}],"scheduling":[{"automatic_restart":true,"min_node_cpus":null,"node_affinities":[],"on_host_maintenance":"MIGRATE","preemptible":false}],"service_account":[{"scopes":["https://www.googleapis.com/auth/cloud-platform"]}],"shielded_instance_config":[],"tags":["nginx","nginx-app"],"timeouts":null},"sensitive_values":{"confidential_instance_config":[],"disk":[{"disk_encryption_key":[]}],"guest_accelerator":[],"labels":{},"metadata":{},"network_interface":[{"access_config":[],"alias_ip_range":[]}],"scheduling":[{"node_affinities":[]}],"service_account":[{"scopes":[false]}],"shielded_instance_config":[],"tags":[false,false]}},{"address":"module.europe-west1-c.google_compute_target_http_proxy.http-proxy","mode":"managed","type":"google_compute_target_http_proxy","name":"http-proxy","provider_name":"registry.terraform.io/hashicorp/google","schema_version":0,"values":{"description":null,"name":"nginx-app-vm-http","timeouts":null},"sensitive_values":{}},{"address":"module.europe-west1-c.google_compute_url_map.http","mode":"managed","type":"google_compute_url_map","name":"http","provider_name":"registry.terraform.io/hashicorp/google","schema_version":0,"values":{"default_route_action":[],"default_service":null,"default_url_redirect":[{"host_redirect":null,"https_redirect":true,"path_redirect":null,"prefix_redirect":null,"redirect_response_code":"MOVED_PERMANENTLY_DEFAULT","strip_query":false}],"description":null,"header_action":[],"host_rule":[],"name":"nginx-app-vm-http","path_matcher":[],"test":[],"timeouts":null},"sensitive_values":{"default_route_action":[],"default_url_redirect":[{}],"header_action":[],"host_rule":[],"path_matcher":[],"test":[]}},{"address":"module.europe-west1-c.google_service_account.sa","mode":"managed","type":"google_service_account","name":"sa","provider_name":"registry.terraform.io/hashicorp/google","schema_version":0,"values":{"account_id":"nginx-app-sa-id","description":null,"display_name":"Nginx Service Account","timeouts":null},"sensitive_values":{}}],"address":"module.europe-west1-c"},{"resources":[{"address":"module.europe-west1-d.google_compute_backend_service.this","mode":"managed","type":"google_compute_backend_service","name":"this","provider_name":"registry.terraform.io/hashicorp/google","schema_version":1,"values":{"affinity_cookie_ttl_sec":null,"backend":[{"balancing_mode":"RATE","capacity_scaler":1,"description":"","max_connections":null,"max_connections_per_endpoint":null,"max_connections_per_instance":null,"max_rate":null,"max_rate_per_endpoint":null,"max_rate_per_instance":500,"max_utilization":0.8}],"circuit_breakers":[],"connection_draining_timeout_sec":300,"consistent_hash":[],"custom_request_headers":null,"description":null,"enable_cdn":null,"iap":[],"load_balancing_scheme":"EXTERNAL","locality_lb_policy":null,"name":"nginx-app-vm","outlier_detection":[],"port_name":"http","protocol":"HTTP","security_policy":null,"timeout_sec":10,"timeouts":null},"sensitive_values":{"backend":[{}],"cdn_policy":[],"circuit_breakers":[],"consistent_hash":[],"health_checks":[],"iap":[],"log_config":[],"outlier_detection":[]}},{"address":"module.europe-west1-d.google_compute_firewall.this","mode":"managed","type":"google_compute_firewall","name":"this","provider_name":"registry.terraform.io/hashicorp/google","schema_version":1,"values":{"allow":[{"ports":["80"],"protocol":"tcp"}],"deny":[],"description":null,"disabled":null,"log_config":[],"name":"nginx-app-vm-allow-healthcheck","network":"emom-mlt-base-network","priority":1000,"source_ranges":["130.211.0.0/22","35.191.0.0/16"],"source_service_accounts":null,"source_tags":null,"target_service_accounts":null,"target_tags":["nginx","nginx-app"],"timeouts":null},"sensitive_values":{"allow":[{"ports":[false]}],"deny":[],"destination_ranges":[],"log_config":[],"source_ranges":[false,false],"target_tags":[false,false]}},{"address":"module.europe-west1-d.google_compute_global_address.this","mode":"managed","type":"google_compute_global_address","name":"this","provider_name":"registry.terraform.io/hashicorp/google","schema_version":0,"values":{"address_type":null,"description":null,"ip_version":null,"name":"nginx-app-vm-ipv4","network":null,"prefix_length":null,"purpose":null,"timeouts":null},"sensitive_values":{}},{"address":"module.europe-west1-d.google_compute_global_forwarding_rule.http-forward-rule","mode":"managed","type":"google_compute_global_forwarding_rule","name":"http-forward-rule","provider_name":"registry.terraform.io/hashicorp/google","schema_version":0,"values":{"description":null,"ip_version":null,"load_balancing_scheme":"EXTERNAL","metadata_filters":[],"name":"nginx-app-vm-http","port_range":"80","timeouts":null},"sensitive_values":{"metadata_filters":[]}},{"address":"module.europe-west1-d.google_compute_health_check.autohealing","mode":"managed","type":"google_compute_health_check","name":"autohealing","provider_name":"registry.terraform.io/hashicorp/google","schema_version":0,"values":{"check_interval_sec":5,"description":null,"grpc_health_check":[],"healthy_threshold":2,"http2_health_check":[],"http_health_check":[{"host":null,"port":80,"port_name":null,"port_specification":null,"proxy_header":"NONE","request_path":"/","response":null}],"https_health_check":[],"name":"nginx-app-vm-autohealing","ssl_health_check":[],"tcp_health_check":[],"timeout_sec":5,"timeouts":null,"unhealthy_threshold":10},"sensitive_values":{"grpc_health_check":[],"http2_health_check":[],"http_health_check":[{}],"https_health_check":[],"ssl_health_check":[],"tcp_health_check":[]}},{"address":"module.europe-west1-d.google_compute_http_health_check.this","mode":"managed","type":"google_compute_http_health_check","name":"this","provider_name":"registry.terraform.io/hashicorp/google","schema_version":0,"values":{"check_interval_sec":1,"description":null,"healthy_threshold":2,"host":null,"name":"nginx-app-vm-healthcheck","port":80,"request_path":"/","timeout_sec":1,"timeouts":null,"unhealthy_threshold":2},"sensitive_values":{}},{"address":"module.europe-west1-d.google_compute_instance_group_manager.this","mode":"managed","type":"google_compute_instance_group_manager","name":"this","provider_name":"registry.terraform.io/hashicorp/google-beta","schema_version":0,"values":{"auto_healing_policies":[{"initial_delay_sec":60}],"base_instance_name":"nginx-app-vm","description":null,"name":"nginx-app-vm","named_port":[{"name":"web","port":80}],"stateful_disk":[],"target_pools":null,"target_size":1,"timeouts":null,"update_policy":[{"max_surge_percent":100,"max_unavailable_fixed":0,"max_unavailable_percent":null,"min_ready_sec":0,"minimal_action":"REPLACE","replacement_method":null,"type":"PROACTIVE"}],"version":[{"name":"nginx-app","target_size":[]}],"wait_for_instances":false,"zone":"europe-west1-c"},"sensitive_values":{"auto_healing_policies":[{}],"named_port":[{}],"stateful_disk":[],"update_policy":[{}],"version":[{"target_size":[]}]}},{"address":"module.europe-west1-d.google_compute_instance_template.instance_template","mode":"managed","type":"google_compute_instance_template","name":"instance_template","provider_name":"registry.terraform.io/hashicorp/google","schema_version":1,"values":{"can_ip_forward":false,"description":"This template is used to create nginx-app server instances","disk":[{"auto_delete":true,"boot":true,"disk_encryption_key":[],"disk_name":null,"disk_type":"pd-balanced","labels":null,"resource_policies":null,"source":null,"source_image":"debian-cloud/debian-10"}],"enable_display":null,"guest_accelerator":[],"instance_description":"nginx-app server template","labels":{"service":"nginx-app-vm"},"machine_type":"e2-medium","metadata":{"block-project-ssh-keys":"true"},"metadata_startup_script":"#!/bin/bash\n\nsudo apt-get update \u0026\u0026 sudo apt-get autoclean\n\nsudo apt update \u0026\u0026 apt install nginx\n\ncat \u003c\u003cEOF \u003e /var/www/html/index.html\n\u003chtml\u003e\n\u003cbody\u003e\n\u003ch1\u003eHello from $(curl  -H \"Metadata-Flavor: Google\" \"http://metadata.google.internal/computeMetadata/v1/instance/name\")\u003c/h1\u003e\n\u003c/body\u003e\n\u003c/html\u003e\n","min_cpu_platform":null,"name":"nginx-app-vm","network_interface":[{"access_config":[],"alias_ip_range":[],"network":"emom-mlt-base-network","network_ip":null,"nic_type":null,"subnetwork":"dev-cmp-rdg-subnet"}],"scheduling":[{"automatic_restart":true,"min_node_cpus":null,"node_affinities":[],"on_host_maintenance":"MIGRATE","preemptible":false}],"service_account":[{"scopes":["https://www.googleapis.com/auth/cloud-platform"]}],"shielded_instance_config":[],"tags":["nginx","nginx-app"],"timeouts":null},"sensitive_values":{"confidential_instance_config":[],"disk":[{"disk_encryption_key":[]}],"guest_accelerator":[],"labels":{},"metadata":{},"network_interface":[{"access_config":[],"alias_ip_range":[]}],"scheduling":[{"node_affinities":[]}],"service_account":[{"scopes":[false]}],"shielded_instance_config":[],"tags":[false,false]}},{"address":"module.europe-west1-d.google_compute_target_http_proxy.http-proxy","mode":"managed","type":"google_compute_target_http_proxy","name":"http-proxy","provider_name":"registry.terraform.io/hashicorp/google","schema_version":0,"values":{"description":null,"name":"nginx-app-vm-http","timeouts":null},"sensitive_values":{}},{"address":"module.europe-west1-d.google_compute_url_map.http","mode":"managed","type":"google_compute_url_map","name":"http","provider_name":"registry.terraform.io/hashicorp/google","schema_version":0,"values":{"default_route_action":[],"default_service":null,"default_url_redirect":[{"host_redirect":null,"https_redirect":true,"path_redirect":null,"prefix_redirect":null,"redirect_response_code":"MOVED_PERMANENTLY_DEFAULT","strip_query":false}],"description":null,"header_action":[],"host_rule":[],"name":"nginx-app-vm-http","path_matcher":[],"test":[],"timeouts":null},"sensitive_values":{"default_route_action":[],"default_url_redirect":[{}],"header_action":[],"host_rule":[],"path_matcher":[],"test":[]}},{"address":"module.europe-west1-d.google_service_account.sa","mode":"managed","type":"google_service_account","name":"sa","provider_name":"registry.terraform.io/hashicorp/google","schema_version":0,"values":{"account_id":"nginx-app-sa-id","description":null,"display_name":"Nginx Service Account","timeouts":null},"sensitive_values":{}}],"address":"module.europe-west1-d"}]}},"resource_changes":[{"address":"module.europe-west1-c.google_compute_backend_service.this","module_address":"module.europe-west1-c","mode":"managed","type":"google_compute_backend_service","name":"this","provider_name":"registry.terraform.io/hashicorp/google","change":{"actions":["create"],"before":null,"after":{"affinity_cookie_ttl_sec":null,"backend":[{"balancing_mode":"RATE","capacity_scaler":1,"description":"","max_connections":null,"max_connections_per_endpoint":null,"max_connections_per_instance":null,"max_rate":null,"max_rate_per_endpoint":null,"max_rate_per_instance":500,"max_utilization":0.8}],"circuit_breakers":[],"connection_draining_timeout_sec":300,"consistent_hash":[],"custom_request_headers":null,"description":null,"enable_cdn":null,"iap":[],"load_balancing_scheme":"EXTERNAL","locality_lb_policy":null,"name":"nginx-app-vm","outlier_detection":[],"port_name":"http","protocol":"HTTP","security_policy":null,"timeout_sec":10,"timeouts":null},"after_unknown":{"backend":[{"group":true}],"cdn_policy":true,"circuit_breakers":[],"consistent_hash":[],"creation_timestamp":true,"fingerprint":true,"health_checks":true,"iap":[],"id":true,"log_config":true,"outlier_detection":[],"project":true,"self_link":true,"session_affinity":true},"before_sensitive":false,"after_sensitive":{"backend":[{}],"cdn_policy":[],"circuit_breakers":[],"consistent_hash":[],"health_checks":[],"iap":[],"log_config":[],"outlier_detection":[]}}},{"address":"module.europe-west1-c.google_compute_firewall.this","module_address":"module.europe-west1-c","mode":"managed","type":"google_compute_firewall","name":"this","provider_name":"registry.terraform.io/hashicorp/google","change":{"actions":["create"],"before":null,"after":{"allow":[{"ports":["80"],"protocol":"tcp"}],"deny":[],"description":null,"disabled":null,"log_config":[],"name":"nginx-app-vm-allow-healthcheck","network":"emom-mlt-base-network","priority":1000,"source_ranges":["130.211.0.0/22","35.191.0.0/16"],"source_service_accounts":null,"source_tags":null,"target_service_accounts":null,"target_tags":["nginx","nginx-app"],"timeouts":null},"after_unknown":{"allow":[{"ports":[false]}],"creation_timestamp":true,"deny":[],"destination_ranges":true,"direction":true,"enable_logging":true,"id":true,"log_config":[],"project":true,"self_link":true,"source_ranges":[false,false],"target_tags":[false,false]},"before_sensitive":false,"after_sensitive":{"allow":[{"ports":[false]}],"deny":[],"destination_ranges":[],"log_config":[],"source_ranges":[false,false],"target_tags":[false,false]}}},{"address":"module.europe-west1-c.google_compute_global_address.this","module_address":"module.europe-west1-c","mode":"managed","type":"google_compute_global_address","name":"this","provider_name":"registry.terraform.io/hashicorp/google","change":{"actions":["create"],"before":null,"after":{"address_type":null,"description":null,"ip_version":null,"name":"nginx-app-vm-ipv4","network":null,"prefix_length":null,"purpose":null,"timeouts":null},"after_unknown":{"address":true,"creation_timestamp":true,"id":true,"project":true,"self_link":true},"before_sensitive":false,"after_sensitive":{}}},{"address":"module.europe-west1-c.google_compute_global_forwarding_rule.http-forward-rule","module_address":"module.europe-west1-c","mode":"managed","type":"google_compute_global_forwarding_rule","name":"http-forward-rule","provider_name":"registry.terraform.io/hashicorp/google","change":{"actions":["create"],"before":null,"after":{"description":null,"ip_version":null,"load_balancing_scheme":"EXTERNAL","metadata_filters":[],"name":"nginx-app-vm-http","port_range":"80","timeouts":null},"after_unknown":{"id":true,"ip_address":true,"ip_protocol":true,"metadata_filters":[],"project":true,"self_link":true,"target":true},"before_sensitive":false,"after_sensitive":{"metadata_filters":[]}}},{"address":"module.europe-west1-c.google_compute_health_check.autohealing","module_address":"module.europe-west1-c","mode":"managed","type":"google_compute_health_check","name":"autohealing","provider_name":"registry.terraform.io/hashicorp/google","change":{"actions":["create"],"before":null,"after":{"check_interval_sec":5,"description":null,"grpc_health_check":[],"healthy_threshold":2,"http2_health_check":[],"http_health_check":[{"host":null,"port":80,"port_name":null,"port_specification":null,"proxy_header":"NONE","request_path":"/","response":null}],"https_health_check":[],"name":"nginx-app-vm-autohealing","ssl_health_check":[],"tcp_health_check":[],"timeout_sec":5,"timeouts":null,"unhealthy_threshold":10},"after_unknown":{"creation_timestamp":true,"grpc_health_check":[],"http2_health_check":[],"http_health_check":[{}],"https_health_check":[],"id":true,"project":true,"self_link":true,"ssl_health_check":[],"tcp_health_check":[],"type":true},"before_sensitive":false,"after_sensitive":{"grpc_health_check":[],"http2_health_check":[],"http_health_check":[{}],"https_health_check":[],"ssl_health_check":[],"tcp_health_check":[]}}},{"address":"module.europe-west1-c.google_compute_http_health_check.this","module_address":"module.europe-west1-c","mode":"managed","type":"google_compute_http_health_check","name":"this","provider_name":"registry.terraform.io/hashicorp/google","change":{"actions":["create"],"before":null,"after":{"check_interval_sec":1,"description":null,"healthy_threshold":2,"host":null,"name":"nginx-app-vm-healthcheck","port":80,"request_path":"/","timeout_sec":1,"timeouts":null,"unhealthy_threshold":2},"after_unknown":{"creation_timestamp":true,"id":true,"project":true,"self_link":true},"before_sensitive":false,"after_sensitive":{}}},{"address":"module.europe-west1-c.google_compute_instance_group_manager.this","module_address":"module.europe-west1-c","mode":"managed","type":"google_compute_instance_group_manager","name":"this","provider_name":"registry.terraform.io/hashicorp/google-beta","change":{"actions":["create"],"before":null,"after":{"auto_healing_policies":[{"initial_delay_sec":60}],"base_instance_name":"nginx-app-vm","description":null,"name":"nginx-app-vm","named_port":[{"name":"web","port":80}],"stateful_disk":[],"target_pools":null,"target_size":1,"timeouts":null,"update_policy":[{"max_surge_percent":100,"max_unavailable_fixed":0,"max_unavailable_percent":null,"min_ready_sec":0,"minimal_action":"REPLACE","replacement_method":null,"type":"PROACTIVE"}],"version":[{"name":"nginx-app","target_size":[]}],"wait_for_instances":false,"zone":"europe-west1-c"},"after_unknown":{"auto_healing_policies":[{"health_check":true}],"fingerprint":true,"id":true,"instance_group":true,"named_port":[{}],"operation":true,"project":true,"self_link":true,"stateful_disk":[],"update_policy":[{"max_surge_fixed":true}],"version":[{"instance_template":true,"target_size":[]}]},"before_sensitive":false,"after_sensitive":{"auto_healing_policies":[{}],"named_port":[{}],"stateful_disk":[],"update_policy":[{}],"version":[{"target_size":[]}]}}},{"address":"module.europe-west1-c.google_compute_instance_template.instance_template","module_address":"module.europe-west1-c","mode":"managed","type":"google_compute_instance_template","name":"instance_template","provider_name":"registry.terraform.io/hashicorp/google","change":{"actions":["create"],"before":null,"after":{"can_ip_forward":false,"description":"This template is used to create nginx-app server instances","disk":[{"auto_delete":true,"boot":true,"disk_encryption_key":[],"disk_name":null,"disk_type":"pd-balanced","labels":null,"resource_policies":null,"source":null,"source_image":"debian-cloud/debian-10"}],"enable_display":null,"guest_accelerator":[],"instance_description":"nginx-app server template","labels":{"service":"nginx-app-vm"},"machine_type":"e2-medium","metadata":{"block-project-ssh-keys":"true"},"metadata_startup_script":"#!/bin/bash\n\nsudo apt-get update \u0026\u0026 sudo apt-get autoclean\n\nsudo apt update \u0026\u0026 apt install nginx\n\ncat \u003c\u003cEOF \u003e /var/www/html/index.html\n\u003chtml\u003e\n\u003cbody\u003e\n\u003ch1\u003eHello from $(curl  -H \"Metadata-Flavor: Google\" \"http://metadata.google.internal/computeMetadata/v1/instance/name\")\u003c/h1\u003e\n\u003c/body\u003e\n\u003c/html\u003e\n","min_cpu_platform":null,"name":"nginx-app-vm","network_interface":[{"access_config":[],"alias_ip_range":[],"network":"emom-mlt-base-network","network_ip":null,"nic_type":null,"subnetwork":"dev-cmp-rdg-subnet"}],"scheduling":[{"automatic_restart":true,"min_node_cpus":null,"node_affinities":[],"on_host_maintenance":"MIGRATE","preemptible":false}],"service_account":[{"scopes":["https://www.googleapis.com/auth/cloud-platform"]}],"shielded_instance_config":[],"tags":["nginx","nginx-app"],"timeouts":null},"after_unknown":{"confidential_instance_config":true,"disk":[{"device_name":true,"disk_encryption_key":[],"disk_size_gb":true,"interface":true,"mode":true,"type":true}],"guest_accelerator":[],"id":true,"labels":{},"metadata":{},"metadata_fingerprint":true,"name_prefix":true,"network_interface":[{"access_config":[],"alias_ip_range":[],"name":true,"subnetwork_project":true}],"project":true,"region":true,"scheduling":[{"node_affinities":[]}],"self_link":true,"service_account":[{"email":true,"scopes":[false]}],"shielded_instance_config":[],"tags":[false,false],"tags_fingerprint":true},"before_sensitive":false,"after_sensitive":{"confidential_instance_config":[],"disk":[{"disk_encryption_key":[]}],"guest_accelerator":[],"labels":{},"metadata":{},"network_interface":[{"access_config":[],"alias_ip_range":[]}],"scheduling":[{"node_affinities":[]}],"service_account":[{"scopes":[false]}],"shielded_instance_config":[],"tags":[false,false]}}},{"address":"module.europe-west1-c.google_compute_target_http_proxy.http-proxy","module_address":"module.europe-west1-c","mode":"managed","type":"google_compute_target_http_proxy","name":"http-proxy","provider_name":"registry.terraform.io/hashicorp/google","change":{"actions":["create"],"before":null,"after":{"description":null,"name":"nginx-app-vm-http","timeouts":null},"after_unknown":{"creation_timestamp":true,"id":true,"project":true,"proxy_bind":true,"proxy_id":true,"self_link":true,"url_map":true},"before_sensitive":false,"after_sensitive":{}}},{"address":"module.europe-west1-c.google_compute_url_map.http","module_address":"module.europe-west1-c","mode":"managed","type":"google_compute_url_map","name":"http","provider_name":"registry.terraform.io/hashicorp/google","change":{"actions":["create"],"before":null,"after":{"default_route_action":[],"default_service":null,"default_url_redirect":[{"host_redirect":null,"https_redirect":true,"path_redirect":null,"prefix_redirect":null,"redirect_response_code":"MOVED_PERMANENTLY_DEFAULT","strip_query":false}],"description":null,"header_action":[],"host_rule":[],"name":"nginx-app-vm-http","path_matcher":[],"test":[],"timeouts":null},"after_unknown":{"creation_timestamp":true,"default_route_action":[],"default_url_redirect":[{}],"fingerprint":true,"header_action":[],"host_rule":[],"id":true,"map_id":true,"path_matcher":[],"project":true,"self_link":true,"test":[]},"before_sensitive":false,"after_sensitive":{"default_route_action":[],"default_url_redirect":[{}],"header_action":[],"host_rule":[],"path_matcher":[],"test":[]}}},{"address":"module.europe-west1-c.google_service_account.sa","module_address":"module.europe-west1-c","mode":"managed","type":"google_service_account","name":"sa","provider_name":"registry.terraform.io/hashicorp/google","change":{"actions":["create"],"before":null,"after":{"account_id":"nginx-app-sa-id","description":null,"display_name":"Nginx Service Account","timeouts":null},"after_unknown":{"email":true,"id":true,"name":true,"project":true,"unique_id":true},"before_sensitive":false,"after_sensitive":{}}},{"address":"module.europe-west1-d.google_compute_backend_service.this","module_address":"module.europe-west1-d","mode":"managed","type":"google_compute_backend_service","name":"this","provider_name":"registry.terraform.io/hashicorp/google","change":{"actions":["create"],"before":null,"after":{"affinity_cookie_ttl_sec":null,"backend":[{"balancing_mode":"RATE","capacity_scaler":1,"description":"","max_connections":null,"max_connections_per_endpoint":null,"max_connections_per_instance":null,"max_rate":null,"max_rate_per_endpoint":null,"max_rate_per_instance":500,"max_utilization":0.8}],"circuit_breakers":[],"connection_draining_timeout_sec":300,"consistent_hash":[],"custom_request_headers":null,"description":null,"enable_cdn":null,"iap":[],"load_balancing_scheme":"EXTERNAL","locality_lb_policy":null,"name":"nginx-app-vm","outlier_detection":[],"port_name":"http","protocol":"HTTP","security_policy":null,"timeout_sec":10,"timeouts":null},"after_unknown":{"backend":[{"group":true}],"cdn_policy":true,"circuit_breakers":[],"consistent_hash":[],"creation_timestamp":true,"fingerprint":true,"health_checks":true,"iap":[],"id":true,"log_config":true,"outlier_detection":[],"project":true,"self_link":true,"session_affinity":true},"before_sensitive":false,"after_sensitive":{"backend":[{}],"cdn_policy":[],"circuit_breakers":[],"consistent_hash":[],"health_checks":[],"iap":[],"log_config":[],"outlier_detection":[]}}},{"address":"module.europe-west1-d.google_compute_firewall.this","module_address":"module.europe-west1-d","mode":"managed","type":"google_compute_firewall","name":"this","provider_name":"registry.terraform.io/hashicorp/google","change":{"actions":["create"],"before":null,"after":{"allow":[{"ports":["80"],"protocol":"tcp"}],"deny":[],"description":null,"disabled":null,"log_config":[],"name":"nginx-app-vm-allow-healthcheck","network":"emom-mlt-base-network","priority":1000,"source_ranges":["130.211.0.0/22","35.191.0.0/16"],"source_service_accounts":null,"source_tags":null,"target_service_accounts":null,"target_tags":["nginx","nginx-app"],"timeouts":null},"after_unknown":{"allow":[{"ports":[false]}],"creation_timestamp":true,"deny":[],"destination_ranges":true,"direction":true,"enable_logging":true,"id":true,"log_config":[],"project":true,"self_link":true,"source_ranges":[false,false],"target_tags":[false,false]},"before_sensitive":false,"after_sensitive":{"allow":[{"ports":[false]}],"deny":[],"destination_ranges":[],"log_config":[],"source_ranges":[false,false],"target_tags":[false,false]}}},{"address":"module.europe-west1-d.google_compute_global_address.this","module_address":"module.europe-west1-d","mode":"managed","type":"google_compute_global_address","name":"this","provider_name":"registry.terraform.io/hashicorp/google","change":{"actions":["create"],"before":null,"after":{"address_type":null,"description":null,"ip_version":null,"name":"nginx-app-vm-ipv4","network":null,"prefix_length":null,"purpose":null,"timeouts":null},"after_unknown":{"address":true,"creation_timestamp":true,"id":true,"project":true,"self_link":true},"before_sensitive":false,"after_sensitive":{}}},{"address":"module.europe-west1-d.google_compute_global_forwarding_rule.http-forward-rule","module_address":"module.europe-west1-d","mode":"managed","type":"google_compute_global_forwarding_rule","name":"http-forward-rule","provider_name":"registry.terraform.io/hashicorp/google","change":{"actions":["create"],"before":null,"after":{"description":null,"ip_version":null,"load_balancing_scheme":"EXTERNAL","metadata_filters":[],"name":"nginx-app-vm-http","port_range":"80","timeouts":null},"after_unknown":{"id":true,"ip_address":true,"ip_protocol":true,"metadata_filters":[],"project":true,"self_link":true,"target":true},"before_sensitive":false,"after_sensitive":{"metadata_filters":[]}}},{"address":"module.europe-west1-d.google_compute_health_check.autohealing","module_address":"module.europe-west1-d","mode":"managed","type":"google_compute_health_check","name":"autohealing","provider_name":"registry.terraform.io/hashicorp/google","change":{"actions":["create"],"before":null,"after":{"check_interval_sec":5,"description":null,"grpc_health_check":[],"healthy_threshold":2,"http2_health_check":[],"http_health_check":[{"host":null,"port":80,"port_name":null,"port_specification":null,"proxy_header":"NONE","request_path":"/","response":null}],"https_health_check":[],"name":"nginx-app-vm-autohealing","ssl_health_check":[],"tcp_health_check":[],"timeout_sec":5,"timeouts":null,"unhealthy_threshold":10},"after_unknown":{"creation_timestamp":true,"grpc_health_check":[],"http2_health_check":[],"http_health_check":[{}],"https_health_check":[],"id":true,"project":true,"self_link":true,"ssl_health_check":[],"tcp_health_check":[],"type":true},"before_sensitive":false,"after_sensitive":{"grpc_health_check":[],"http2_health_check":[],"http_health_check":[{}],"https_health_check":[],"ssl_health_check":[],"tcp_health_check":[]}}},{"address":"module.europe-west1-d.google_compute_http_health_check.this","module_address":"module.europe-west1-d","mode":"managed","type":"google_compute_http_health_check","name":"this","provider_name":"registry.terraform.io/hashicorp/google","change":{"actions":["create"],"before":null,"after":{"check_interval_sec":1,"description":null,"healthy_threshold":2,"host":null,"name":"nginx-app-vm-healthcheck","port":80,"request_path":"/","timeout_sec":1,"timeouts":null,"unhealthy_threshold":2},"after_unknown":{"creation_timestamp":true,"id":true,"project":true,"self_link":true},"before_sensitive":false,"after_sensitive":{}}},{"address":"module.europe-west1-d.google_compute_instance_group_manager.this","module_address":"module.europe-west1-d","mode":"managed","type":"google_compute_instance_group_manager","name":"this","provider_name":"registry.terraform.io/hashicorp/google-beta","change":{"actions":["create"],"before":null,"after":{"auto_healing_policies":[{"initial_delay_sec":60}],"base_instance_name":"nginx-app-vm","description":null,"name":"nginx-app-vm","named_port":[{"name":"web","port":80}],"stateful_disk":[],"target_pools":null,"target_size":1,"timeouts":null,"update_policy":[{"max_surge_percent":100,"max_unavailable_fixed":0,"max_unavailable_percent":null,"min_ready_sec":0,"minimal_action":"REPLACE","replacement_method":null,"type":"PROACTIVE"}],"version":[{"name":"nginx-app","target_size":[]}],"wait_for_instances":false,"zone":"europe-west1-c"},"after_unknown":{"auto_healing_policies":[{"health_check":true}],"fingerprint":true,"id":true,"instance_group":true,"named_port":[{}],"operation":true,"project":true,"self_link":true,"stateful_disk":[],"update_policy":[{"max_surge_fixed":true}],"version":[{"instance_template":true,"target_size":[]}]},"before_sensitive":false,"after_sensitive":{"auto_healing_policies":[{}],"named_port":[{}],"stateful_disk":[],"update_policy":[{}],"version":[{"target_size":[]}]}}},{"address":"module.europe-west1-d.google_compute_instance_template.instance_template","module_address":"module.europe-west1-d","mode":"managed","type":"google_compute_instance_template","name":"instance_template","provider_name":"registry.terraform.io/hashicorp/google","change":{"actions":["create"],"before":null,"after":{"can_ip_forward":false,"description":"This template is used to create nginx-app server instances","disk":[{"auto_delete":true,"boot":true,"disk_encryption_key":[],"disk_name":null,"disk_type":"pd-balanced","labels":null,"resource_policies":null,"source":null,"source_image":"debian-cloud/debian-10"}],"enable_display":null,"guest_accelerator":[],"instance_description":"nginx-app server template","labels":{"service":"nginx-app-vm"},"machine_type":"e2-medium","metadata":{"block-project-ssh-keys":"true"},"metadata_startup_script":"#!/bin/bash\n\nsudo apt-get update \u0026\u0026 sudo apt-get autoclean\n\nsudo apt update \u0026\u0026 apt install nginx\n\ncat \u003c\u003cEOF \u003e /var/www/html/index.html\n\u003chtml\u003e\n\u003cbody\u003e\n\u003ch1\u003eHello from $(curl  -H \"Metadata-Flavor: Google\" \"http://metadata.google.internal/computeMetadata/v1/instance/name\")\u003c/h1\u003e\n\u003c/body\u003e\n\u003c/html\u003e\n","min_cpu_platform":null,"name":"nginx-app-vm","network_interface":[{"access_config":[],"alias_ip_range":[],"network":"emom-mlt-base-network","network_ip":null,"nic_type":null,"subnetwork":"dev-cmp-rdg-subnet"}],"scheduling":[{"automatic_restart":true,"min_node_cpus":null,"node_affinities":[],"on_host_maintenance":"MIGRATE","preemptible":false}],"service_account":[{"scopes":["https://www.googleapis.com/auth/cloud-platform"]}],"shielded_instance_config":[],"tags":["nginx","nginx-app"],"timeouts":null},"after_unknown":{"confidential_instance_config":true,"disk":[{"device_name":true,"disk_encryption_key":[],"disk_size_gb":true,"interface":true,"mode":true,"type":true}],"guest_accelerator":[],"id":true,"labels":{},"metadata":{},"metadata_fingerprint":true,"name_prefix":true,"network_interface":[{"access_config":[],"alias_ip_range":[],"name":true,"subnetwork_project":true}],"project":true,"region":true,"scheduling":[{"node_affinities":[]}],"self_link":true,"service_account":[{"email":true,"scopes":[false]}],"shielded_instance_config":[],"tags":[false,false],"tags_fingerprint":true},"before_sensitive":false,"after_sensitive":{"confidential_instance_config":[],"disk":[{"disk_encryption_key":[]}],"guest_accelerator":[],"labels":{},"metadata":{},"network_interface":[{"access_config":[],"alias_ip_range":[]}],"scheduling":[{"node_affinities":[]}],"service_account":[{"scopes":[false]}],"shielded_instance_config":[],"tags":[false,false]}}},{"address":"module.europe-west1-d.google_compute_target_http_proxy.http-proxy","module_address":"module.europe-west1-d","mode":"managed","type":"google_compute_target_http_proxy","name":"http-proxy","provider_name":"registry.terraform.io/hashicorp/google","change":{"actions":["create"],"before":null,"after":{"description":null,"name":"nginx-app-vm-http","timeouts":null},"after_unknown":{"creation_timestamp":true,"id":true,"project":true,"proxy_bind":true,"proxy_id":true,"self_link":true,"url_map":true},"before_sensitive":false,"after_sensitive":{}}},{"address":"module.europe-west1-d.google_compute_url_map.http","module_address":"module.europe-west1-d","mode":"managed","type":"google_compute_url_map","name":"http","provider_name":"registry.terraform.io/hashicorp/google","change":{"actions":["create"],"before":null,"after":{"default_route_action":[],"default_service":null,"default_url_redirect":[{"host_redirect":null,"https_redirect":true,"path_redirect":null,"prefix_redirect":null,"redirect_response_code":"MOVED_PERMANENTLY_DEFAULT","strip_query":false}],"description":null,"header_action":[],"host_rule":[],"name":"nginx-app-vm-http","path_matcher":[],"test":[],"timeouts":null},"after_unknown":{"creation_timestamp":true,"default_route_action":[],"default_url_redirect":[{}],"fingerprint":true,"header_action":[],"host_rule":[],"id":true,"map_id":true,"path_matcher":[],"project":true,"self_link":true,"test":[]},"before_sensitive":false,"after_sensitive":{"default_route_action":[],"default_url_redirect":[{}],"header_action":[],"host_rule":[],"path_matcher":[],"test":[]}}},{"address":"module.europe-west1-d.google_service_account.sa","module_address":"module.europe-west1-d","mode":"managed","type":"google_service_account","name":"sa","provider_name":"registry.terraform.io/hashicorp/google","change":{"actions":["create"],"before":null,"after":{"account_id":"nginx-app-sa-id","description":null,"display_name":"Nginx Service Account","timeouts":null},"after_unknown":{"email":true,"id":true,"name":true,"project":true,"unique_id":true},"before_sensitive":false,"after_sensitive":{}}}],"prior_state":{"format_version":"1.0","terraform_version":"1.3.7","values":{"root_module":{"child_modules":[{"resources":[{"address":"module.europe-west1-c.data.google_compute_network.network","mode":"data","type":"google_compute_network","name":"network","provider_name":"registry.terraform.io/hashicorp/google","schema_version":0,"values":{"description":"","gateway_ipv4":"","id":"projects/dh-ce-dev-media-59188/global/networks/emom-mlt-base-network","name":"emom-mlt-base-network","project":null,"self_link":"https://www.googleapis.com/compute/v1/projects/dh-ce-dev-media-59188/global/networks/emom-mlt-base-network","subnetworks_self_links":["https://www.googleapis.com/compute/v1/projects/dh-ce-dev-media-59188/regions/europe-west1/subnetworks/int-cmp-subnet-base","https://www.googleapis.com/compute/v1/projects/dh-ce-dev-media-59188/regions/europe-west1/subnetworks/emom-mlt-base-dmz-subnet","https://www.googleapis.com/compute/v1/projects/dh-ce-dev-media-59188/regions/europe-west1/subnetworks/aet-europewest1-emom--mlt--base--vc-sbnt","https://www.googleapis.com/compute/v1/projects/dh-ce-dev-media-59188/regions/europe-west1/subnetworks/cmpmlt-falcon-subnet-base","https://www.googleapis.com/compute/v1/projects/dh-ce-dev-media-59188/regions/europe-west1/subnetworks/int-cmp-exito-subnet","https://www.googleapis.com/compute/v1/projects/dh-ce-dev-media-59188/regions/europe-west1/subnetworks/emom-mlt-cluster-subnet","https://www.googleapis.com/compute/v1/projects/dh-ce-dev-media-59188/regions/europe-west1/subnetworks/int-cmp-smu-subnet","https://www.googleapis.com/compute/v1/projects/dh-ce-dev-media-59188/regions/europe-west1/subnetworks/emom-mlt-cloudflared-subnet","https://www.googleapis.com/compute/v1/projects/dh-ce-dev-media-59188/regions/us-east1/subnetworks/dev-cmp-wakefern-subnet","https://www.googleapis.com/compute/v1/projects/dh-ce-dev-media-59188/regions/europe-west1/subnetworks/exito-platform-subnet","https://www.googleapis.com/compute/v1/projects/dh-ce-dev-media-59188/regions/europe-west1/subnetworks/dev-cmp-subnet-base","https://www.googleapis.com/compute/v1/projects/dh-ce-dev-media-59188/regions/europe-west1/subnetworks/emom-mlt-dataproc-subnet","https://www.googleapis.com/compute/v1/projects/dh-ce-dev-media-59188/regions/us-east1/subnetworks/meijer-platform-subnet","https://www.googleapis.com/compute/v1/projects/dh-ce-dev-media-59188/regions/europe-west1/subnetworks/emom-mlt-webuserproxy-subnet","https://www.googleapis.com/compute/v1/projects/dh-ce-dev-media-59188/regions/us-east1/subnetworks/int-cmp-wakefern-subnet","https://www.googleapis.com/compute/v1/projects/dh-ce-dev-media-59188/regions/europe-west1/subnetworks/dev-cmp-rdg-subnet"]},"sensitive_values":{"subnetworks_self_links":[false,false,false,false,false,false,false,false,false,false,false,false,false,false,false,false]}},{"address":"module.europe-west1-c.data.google_compute_subnetwork.subnet","mode":"data","type":"google_compute_subnetwork","name":"subnet","provider_name":"registry.terraform.io/hashicorp/google","schema_version":0,"values":{"description":"","gateway_address":"10.12.0.1","id":"projects/dh-ce-dev-media-59188/regions/europe-west1/subnetworks/dev-cmp-rdg-subnet","ip_cidr_range":"10.12.0.0/16","name":"dev-cmp-rdg-subnet","network":"https://www.googleapis.com/compute/v1/projects/dh-ce-dev-media-59188/global/networks/emom-mlt-base-network","private_ip_google_access":true,"project":"dh-ce-dev-media-59188","region":"europe-west1","secondary_ip_range":[],"self_link":"https://www.googleapis.com/compute/v1/projects/dh-ce-dev-media-59188/regions/europe-west1/subnetworks/dev-cmp-rdg-subnet"},"sensitive_values":{"secondary_ip_range":[]}}],"address":"module.europe-west1-c"},{"resources":[{"address":"module.europe-west1-d.data.google_compute_network.network","mode":"data","type":"google_compute_network","name":"network","provider_name":"registry.terraform.io/hashicorp/google","schema_version":0,"values":{"description":"","gateway_ipv4":"","id":"projects/dh-ce-dev-media-59188/global/networks/emom-mlt-base-network","name":"emom-mlt-base-network","project":null,"self_link":"https://www.googleapis.com/compute/v1/projects/dh-ce-dev-media-59188/global/networks/emom-mlt-base-network","subnetworks_self_links":["https://www.googleapis.com/compute/v1/projects/dh-ce-dev-media-59188/regions/europe-west1/subnetworks/int-cmp-subnet-base","https://www.googleapis.com/compute/v1/projects/dh-ce-dev-media-59188/regions/europe-west1/subnetworks/emom-mlt-base-dmz-subnet","https://www.googleapis.com/compute/v1/projects/dh-ce-dev-media-59188/regions/europe-west1/subnetworks/aet-europewest1-emom--mlt--base--vc-sbnt","https://www.googleapis.com/compute/v1/projects/dh-ce-dev-media-59188/regions/europe-west1/subnetworks/cmpmlt-falcon-subnet-base","https://www.googleapis.com/compute/v1/projects/dh-ce-dev-media-59188/regions/europe-west1/subnetworks/int-cmp-exito-subnet","https://www.googleapis.com/compute/v1/projects/dh-ce-dev-media-59188/regions/europe-west1/subnetworks/emom-mlt-cluster-subnet","https://www.googleapis.com/compute/v1/projects/dh-ce-dev-media-59188/regions/europe-west1/subnetworks/int-cmp-smu-subnet","https://www.googleapis.com/compute/v1/projects/dh-ce-dev-media-59188/regions/europe-west1/subnetworks/emom-mlt-cloudflared-subnet","https://www.googleapis.com/compute/v1/projects/dh-ce-dev-media-59188/regions/us-east1/subnetworks/dev-cmp-wakefern-subnet","https://www.googleapis.com/compute/v1/projects/dh-ce-dev-media-59188/regions/europe-west1/subnetworks/exito-platform-subnet","https://www.googleapis.com/compute/v1/projects/dh-ce-dev-media-59188/regions/europe-west1/subnetworks/dev-cmp-subnet-base","https://www.googleapis.com/compute/v1/projects/dh-ce-dev-media-59188/regions/europe-west1/subnetworks/emom-mlt-dataproc-subnet","https://www.googleapis.com/compute/v1/projects/dh-ce-dev-media-59188/regions/us-east1/subnetworks/meijer-platform-subnet","https://www.googleapis.com/compute/v1/projects/dh-ce-dev-media-59188/regions/europe-west1/subnetworks/emom-mlt-webuserproxy-subnet","https://www.googleapis.com/compute/v1/projects/dh-ce-dev-media-59188/regions/us-east1/subnetworks/int-cmp-wakefern-subnet","https://www.googleapis.com/compute/v1/projects/dh-ce-dev-media-59188/regions/europe-west1/subnetworks/dev-cmp-rdg-subnet"]},"sensitive_values":{"subnetworks_self_links":[false,false,false,false,false,false,false,false,false,false,false,false,false,false,false,false]}},{"address":"module.europe-west1-d.data.google_compute_subnetwork.subnet","mode":"data","type":"google_compute_subnetwork","name":"subnet","provider_name":"registry.terraform.io/hashicorp/google","schema_version":0,"values":{"description":"","gateway_address":"10.12.0.1","id":"projects/dh-ce-dev-media-59188/regions/europe-west1/subnetworks/dev-cmp-rdg-subnet","ip_cidr_range":"10.12.0.0/16","name":"dev-cmp-rdg-subnet","network":"https://www.googleapis.com/compute/v1/projects/dh-ce-dev-media-59188/global/networks/emom-mlt-base-network","private_ip_google_access":true,"project":"dh-ce-dev-media-59188","region":"europe-west1","secondary_ip_range":[],"self_link":"https://www.googleapis.com/compute/v1/projects/dh-ce-dev-media-59188/regions/europe-west1/subnetworks/dev-cmp-rdg-subnet"},"sensitive_values":{"secondary_ip_range":[]}}],"address":"module.europe-west1-d"}]}}},"configuration":{"provider_config":{"google":{"name":"google","full_name":"registry.terraform.io/hashicorp/google","version_constraint":"3.65.0"},"google-beta":{"name":"google-beta","full_name":"registry.terraform.io/hashicorp/google-beta","version_constraint":"3.65.0"},"module.europe-west1-c:google":{"name":"google","full_name":"registry.terraform.io/hashicorp/google","module_address":"module.europe-west1-c","expressions":{"project":{"references":["var.project"]},"region":{"references":["var.region"]},"zone":{"references":["var.zone"]}}},"module.europe-west1-d:google":{"name":"google","full_name":"registry.terraform.io/hashicorp/google","module_address":"module.europe-west1-d","expressions":{"project":{"references":["var.project"]},"region":{"references":["var.region"]},"zone":{"references":["var.zone"]}}}},"root_module":{"module_calls":{"europe-west1-c":{"source":"./modules/europe-west1-c","module":{"outputs":{"Loadbalancer-IPv4-Address":{"expression":{"references":["google_compute_global_address.this.address","google_compute_global_address.this"]}}},"resources":[{"address":"google_compute_backend_service.this","mode":"managed","type":"google_compute_backend_service","name":"this","provider_config_key":"module.europe-west1-c:google","expressions":{"backend":[{"balancing_mode":{"constant_value":"RATE"},"capacity_scaler":{"constant_value":1},"group":{"references":["google_compute_instance_group_manager.this.instance_group","google_compute_instance_group_manager.this"]},"max_rate_per_instance":{"constant_value":500}}],"health_checks":{"references":["google_compute_http_health_check.this.id","google_compute_http_health_check.this"]},"name":{"references":["var.name"]},"port_name":{"constant_value":"http"},"protocol":{"constant_value":"HTTP"},"timeout_sec":{"constant_value":10}},"schema_version":1},{"address":"google_compute_firewall.this","mode":"managed","type":"google_compute_firewall","name":"this","provider_config_key":"module.europe-west1-c:google","expressions":{"allow":[{"ports":{"constant_value":["80"]},"protocol":{"constant_value":"tcp"}}],"name":{"references":["var.name"]},"network":{"references":["data.google_compute_network.network.name","data.google_compute_network.network"]},"priority":{"constant_value":1000},"source_ranges":{"constant_value":["35.191.0.0/16","130.211.0.0/22"]},"target_tags":{"references":["var.tags"]}},"schema_version":1},{"address":"google_compute_global_address.this","mode":"managed","type":"google_compute_global_address","name":"this","provider_config_key":"module.europe-west1-c:google","expressions":{"name":{"references":["var.name"]}},"schema_version":0},{"address":"google_compute_global_forwarding_rule.http-forward-rule","mode":"managed","type":"google_compute_global_forwarding_rule","name":"http-forward-rule","provider_config_key":"module.europe-west1-c:google","expressions":{"ip_address":{"references":["google_compute_global_address.this.address","google_compute_global_address.this"]},"name":{"references":["var.name"]},"port_range":{"constant_value":"80"},"target":{"references":["google_compute_target_http_proxy.http-proxy.self_link","google_compute_target_http_proxy.http-proxy"]}},"schema_version":0},{"address":"google_compute_health_check.autohealing","mode":"managed","type":"google_compute_health_check","name":"autohealing","provider_config_key":"module.europe-west1-c:google","expressions":{"check_interval_sec":{"constant_value":5},"healthy_threshold":{"constant_value":2},"http_health_check":[{"port":{"constant_value":"80"},"request_path":{"constant_value":"/"}}],"name":{"references":["var.name"]},"timeout_sec":{"constant_value":5},"unhealthy_threshold":{"constant_value":10}},"schema_version":0},{"address":"google_compute_http_health_check.this","mode":"managed","type":"google_compute_http_health_check","name":"this","provider_config_key":"module.europe-west1-c:google","expressions":{"check_interval_sec":{"constant_value":1},"name":{"references":["var.name"]},"request_path":{"constant_value":"/"},"timeout_sec":{"constant_value":1}},"schema_version":0},{"address":"google_compute_instance_group_manager.this","mode":"managed","type":"google_compute_instance_group_manager","name":"this","provider_config_key":"google-beta","expressions":{"auto_healing_policies":[{"health_check":{"references":["google_compute_health_check.autohealing.id","google_compute_health_check.autohealing"]},"initial_delay_sec":{"constant_value":60}}],"base_instance_name":{"references":["var.name"]},"name":{"references":["var.name"]},"named_port":[{"name":{"constant_value":"web"},"port":{"constant_value":80}}],"target_size":{"constant_value":1},"update_policy":[{"max_surge_percent":{"constant_value":100},"max_unavailable_fixed":{"constant_value":0},"min_ready_sec":{"constant_value":0},"minimal_action":{"constant_value":"REPLACE"},"replacement_method":{"constant_value":"SUBSTITUTE"},"type":{"constant_value":"PROACTIVE"}}],"version":[{"instance_template":{"references":["google_compute_instance_template.instance_template.id","google_compute_instance_template.instance_template"]},"name":{"constant_value":"nginx-app"}}],"zone":{"references":["var.zone"]}},"schema_version":0},{"address":"google_compute_instance_template.instance_template","mode":"managed","type":"google_compute_instance_template","name":"instance_template","provider_config_key":"module.europe-west1-c:google","expressions":{"can_ip_forward":{"constant_value":false},"description":{"references":["var.instance_template_description"]},"disk":[{"boot":{"constant_value":true},"disk_type":{"constant_value":"pd-balanced"},"source_image":{"constant_value":"debian-cloud/debian-10"}}],"instance_description":{"references":["var.instance_description"]},"labels":{"references":["var.name"]},"machine_type":{"references":["var.machine_type"]},"metadata":{"constant_value":{"block-project-ssh-keys":true}},"metadata_startup_script":{},"name":{"references":["var.name"]},"network_interface":[{"network":{"references":["data.google_compute_network.network.name","data.google_compute_network.network"]},"subnetwork":{"references":["data.google_compute_subnetwork.subnet.name","data.google_compute_subnetwork.subnet"]}}],"scheduling":[{"automatic_restart":{"constant_value":true},"on_host_maintenance":{"constant_value":"MIGRATE"}}],"service_account":[{"email":{"references":["google_service_account.sa.email","google_service_account.sa"]},"scopes":{"constant_value":["cloud-platform"]}}],"tags":{"references":["var.tags"]}},"schema_version":1},{"address":"google_compute_target_http_proxy.http-proxy","mode":"managed","type":"google_compute_target_http_proxy","name":"http-proxy","provider_config_key":"module.europe-west1-c:google","expressions":{"name":{"references":["var.name"]},"url_map":{"references":["google_compute_url_map.http.self_link","google_compute_url_map.http"]}},"schema_version":0},{"address":"google_compute_url_map.http","mode":"managed","type":"google_compute_url_map","name":"http","provider_config_key":"module.europe-west1-c:google","expressions":{"default_url_redirect":[{"https_redirect":{"constant_value":true},"redirect_response_code":{"constant_value":"MOVED_PERMANENTLY_DEFAULT"},"strip_query":{"constant_value":false}}],"name":{"references":["var.name"]}},"schema_version":0},{"address":"google_service_account.sa","mode":"managed","type":"google_service_account","name":"sa","provider_config_key":"module.europe-west1-c:google","expressions":{"account_id":{"constant_value":"nginx-app-sa-id"},"display_name":{"constant_value":"Nginx Service Account"}},"schema_version":0},{"address":"data.google_compute_network.network","mode":"data","type":"google_compute_network","name":"network","provider_config_key":"module.europe-west1-c:google","expressions":{"name":{"references":["var.network"]}},"schema_version":0},{"address":"data.google_compute_subnetwork.subnet","mode":"data","type":"google_compute_subnetwork","name":"subnet","provider_config_key":"module.europe-west1-c:google","expressions":{"name":{"references":["var.subnet"]}},"schema_version":0}],"variables":{"instance_description":{"default":"nginx-app server template"},"instance_template_description":{"default":"This template is used to create nginx-app server instances"},"machine_type":{"default":"e2-medium"},"name":{"default":"nginx-app-vm"},"network":{"default":"emom-mlt-base-network"},"project":{"default":"dh-ce-dev-media-59188"},"region":{"default":"europe-west1"},"subnet":{"default":"dev-cmp-rdg-subnet"},"tags":{"default":["nginx-app","nginx"]},"zone":{"default":"europe-west1-c"}}}},"europe-west1-d":{"source":"./modules/europe-west1-d","module":{"outputs":{"Loadbalancer-IPv4-Address":{"expression":{"references":["google_compute_global_address.this.address","google_compute_global_address.this"]}}},"resources":[{"address":"google_compute_backend_service.this","mode":"managed","type":"google_compute_backend_service","name":"this","provider_config_key":"module.europe-west1-d:google","expressions":{"backend":[{"balancing_mode":{"constant_value":"RATE"},"capacity_scaler":{"constant_value":1},"group":{"references":["google_compute_instance_group_manager.this.instance_group","google_compute_instance_group_manager.this"]},"max_rate_per_instance":{"constant_value":500}}],"health_checks":{"references":["google_compute_http_health_check.this.id","google_compute_http_health_check.this"]},"name":{"references":["var.name"]},"port_name":{"constant_value":"http"},"protocol":{"constant_value":"HTTP"},"timeout_sec":{"constant_value":10}},"schema_version":1},{"address":"google_compute_firewall.this","mode":"managed","type":"google_compute_firewall","name":"this","provider_config_key":"module.europe-west1-d:google","expressions":{"allow":[{"ports":{"constant_value":["80"]},"protocol":{"constant_value":"tcp"}}],"name":{"references":["var.name"]},"network":{"references":["data.google_compute_network.network.name","data.google_compute_network.network"]},"priority":{"constant_value":1000},"source_ranges":{"constant_value":["35.191.0.0/16","130.211.0.0/22"]},"target_tags":{"references":["var.tags"]}},"schema_version":1},{"address":"google_compute_global_address.this","mode":"managed","type":"google_compute_global_address","name":"this","provider_config_key":"module.europe-west1-d:google","expressions":{"name":{"references":["var.name"]}},"schema_version":0},{"address":"google_compute_global_forwarding_rule.http-forward-rule","mode":"managed","type":"google_compute_global_forwarding_rule","name":"http-forward-rule","provider_config_key":"module.europe-west1-d:google","expressions":{"ip_address":{"references":["google_compute_global_address.this.address","google_compute_global_address.this"]},"name":{"references":["var.name"]},"port_range":{"constant_value":"80"},"target":{"references":["google_compute_target_http_proxy.http-proxy.self_link","google_compute_target_http_proxy.http-proxy"]}},"schema_version":0},{"address":"google_compute_health_check.autohealing","mode":"managed","type":"google_compute_health_check","name":"autohealing","provider_config_key":"module.europe-west1-d:google","expressions":{"check_interval_sec":{"constant_value":5},"healthy_threshold":{"constant_value":2},"http_health_check":[{"port":{"constant_value":"80"},"request_path":{"constant_value":"/"}}],"name":{"references":["var.name"]},"timeout_sec":{"constant_value":5},"unhealthy_threshold":{"constant_value":10}},"schema_version":0},{"address":"google_compute_http_health_check.this","mode":"managed","type":"google_compute_http_health_check","name":"this","provider_config_key":"module.europe-west1-d:google","expressions":{"check_interval_sec":{"constant_value":1},"name":{"references":["var.name"]},"request_path":{"constant_value":"/"},"timeout_sec":{"constant_value":1}},"schema_version":0},{"address":"google_compute_instance_group_manager.this","mode":"managed","type":"google_compute_instance_group_manager","name":"this","provider_config_key":"google-beta","expressions":{"auto_healing_policies":[{"health_check":{"references":["google_compute_health_check.autohealing.id","google_compute_health_check.autohealing"]},"initial_delay_sec":{"constant_value":60}}],"base_instance_name":{"references":["var.name"]},"name":{"references":["var.name"]},"named_port":[{"name":{"constant_value":"web"},"port":{"constant_value":80}}],"target_size":{"constant_value":1},"update_policy":[{"max_surge_percent":{"constant_value":100},"max_unavailable_fixed":{"constant_value":0},"min_ready_sec":{"constant_value":0},"minimal_action":{"constant_value":"REPLACE"},"replacement_method":{"constant_value":"SUBSTITUTE"},"type":{"constant_value":"PROACTIVE"}}],"version":[{"instance_template":{"references":["google_compute_instance_template.instance_template.id","google_compute_instance_template.instance_template"]},"name":{"constant_value":"nginx-app"}}],"zone":{"references":["var.zone"]}},"schema_version":0},{"address":"google_compute_instance_template.instance_template","mode":"managed","type":"google_compute_instance_template","name":"instance_template","provider_config_key":"module.europe-west1-d:google","expressions":{"can_ip_forward":{"constant_value":false},"description":{"references":["var.instance_template_description"]},"disk":[{"boot":{"constant_value":true},"disk_type":{"constant_value":"pd-balanced"},"source_image":{"constant_value":"debian-cloud/debian-10"}}],"instance_description":{"references":["var.instance_description"]},"labels":{"references":["var.name"]},"machine_type":{"references":["var.machine_type"]},"metadata":{"constant_value":{"block-project-ssh-keys":true}},"metadata_startup_script":{},"name":{"references":["var.name"]},"network_interface":[{"network":{"references":["data.google_compute_network.network.name","data.google_compute_network.network"]},"subnetwork":{"references":["data.google_compute_subnetwork.subnet.name","data.google_compute_subnetwork.subnet"]}}],"scheduling":[{"automatic_restart":{"constant_value":true},"on_host_maintenance":{"constant_value":"MIGRATE"}}],"service_account":[{"email":{"references":["google_service_account.sa.email","google_service_account.sa"]},"scopes":{"constant_value":["cloud-platform"]}}],"tags":{"references":["var.tags"]}},"schema_version":1},{"address":"google_compute_target_http_proxy.http-proxy","mode":"managed","type":"google_compute_target_http_proxy","name":"http-proxy","provider_config_key":"module.europe-west1-d:google","expressions":{"name":{"references":["var.name"]},"url_map":{"references":["google_compute_url_map.http.self_link","google_compute_url_map.http"]}},"schema_version":0},{"address":"google_compute_url_map.http","mode":"managed","type":"google_compute_url_map","name":"http","provider_config_key":"module.europe-west1-d:google","expressions":{"default_url_redirect":[{"https_redirect":{"constant_value":true},"redirect_response_code":{"constant_value":"MOVED_PERMANENTLY_DEFAULT"},"strip_query":{"constant_value":false}}],"name":{"references":["var.name"]}},"schema_version":0},{"address":"google_service_account.sa","mode":"managed","type":"google_service_account","name":"sa","provider_config_key":"module.europe-west1-d:google","expressions":{"account_id":{"constant_value":"nginx-app-sa-id"},"display_name":{"constant_value":"Nginx Service Account"}},"schema_version":0},{"address":"data.google_compute_network.network","mode":"data","type":"google_compute_network","name":"network","provider_config_key":"module.europe-west1-d:google","expressions":{"name":{"references":["var.network"]}},"schema_version":0},{"address":"data.google_compute_subnetwork.subnet","mode":"data","type":"google_compute_subnetwork","name":"subnet","provider_config_key":"module.europe-west1-d:google","expressions":{"name":{"references":["var.subnet"]}},"schema_version":0}],"variables":{"instance_description":{"default":"nginx-app server template"},"instance_template_description":{"default":"This template is used to create nginx-app server instances"},"machine_type":{"default":"e2-medium"},"name":{"default":"nginx-app-vm"},"network":{"default":"emom-mlt-base-network"},"project":{"default":"dh-ce-dev-media-59188"},"region":{"default":"europe-west1"},"subnet":{"default":"dev-cmp-rdg-subnet"},"tags":{"default":["nginx-app","nginx"]},"zone":{"default":"europe-west1-c"}}}}}}},"relevant_attributes":[{"resource":"module.europe-west1-d.google_compute_health_check.autohealing","attribute":["id"]},{"resource":"module.europe-west1-d.google_compute_url_map.http","attribute":["self_link"]},{"resource":"module.europe-west1-d.google_compute_target_http_proxy.http-proxy","attribute":["self_link"]},{"resource":"module.europe-west1-d.data.google_compute_network.network","attribute":["name"]},{"resource":"module.europe-west1-c.google_compute_instance_group_manager.this","attribute":["instance_group"]},{"resource":"module.europe-west1-d.data.google_compute_subnetwork.subnet","attribute":["name"]},{"resource":"module.europe-west1-c.data.google_compute_subnetwork.subnet","attribute":["name"]},{"resource":"module.europe-west1-c.google_compute_health_check.autohealing","attribute":["id"]},{"resource":"module.europe-west1-c.google_compute_http_health_check.this","attribute":["id"]},{"resource":"module.europe-west1-d.google_compute_instance_template.instance_template","attribute":["id"]},{"resource":"module.europe-west1-c.google_compute_url_map.http","attribute":["self_link"]},{"resource":"module.europe-west1-c.google_compute_target_http_proxy.http-proxy","attribute":["self_link"]},{"resource":"module.europe-west1-d.google_compute_global_address.this","attribute":["address"]},{"resource":"module.europe-west1-d.google_compute_http_health_check.this","attribute":["id"]},{"resource":"module.europe-west1-d.google_compute_instance_group_manager.this","attribute":["instance_group"]},{"resource":"module.europe-west1-c.google_compute_global_address.this","attribute":["address"]},{"resource":"module.europe-west1-c.data.google_compute_network.network","attribute":["name"]},{"resource":"module.europe-west1-c.google_service_account.sa","attribute":["email"]},{"resource":"module.europe-west1-c.google_compute_instance_template.instance_template","attribute":["id"]},{"resource":"module.europe-west1-d.google_service_account.sa","attribute":["email"]}]}
